
Microsoft Visual Studio Solution File, Format Version 12.00
# Visual Studio Version 17
VisualStudioVersion = 17.4.33403.182
MinimumVisualStudioVersion = 10.0.40219.1
Project("{9A19103F-16F7-4668-BE54-9A1E7A4F7556}") = "Core7", "Core\Core7.csproj", "{F649E4C5-CA68-4B22-9E9D-9235BF24DCD8}"
EndProject
Project("{9A19103F-16F7-4668-BE54-9A1E7A4F7556}") = "DataManagement", "DataManagement\DataManagement.csproj", "{A1A6ABA1-7BD1-424E-A962-5B11F8A5E627}"
EndProject
Project("{2150E333-8FDC-42A3-9474-1A3956D46DE8}") = "9.UI", "9.UI", "{C4A90B14-6915-4995-8C4D-3AA0E3107397}"
EndProject
Project("{2150E333-8FDC-42A3-9474-1A3956D46DE8}") = "7.API", "7.API", "{6E078F95-D408-438D-A0B9-49CC9EB71202}"
EndProject
Project("{2150E333-8FDC-42A3-9474-1A3956D46DE8}") = "1.Core", "1.Core", "{243388C6-11EA-418E-A346-F3ECB51B2F25}"
EndProject
Project("{2150E333-8FDC-42A3-9474-1A3956D46DE8}") = "5.Domain", "5.Domain", "{FD449651-F065-4587-927D-2ADBF1599003}"
EndProject
Project("{9A19103F-16F7-4668-BE54-9A1E7A4F7556}") = "WebAPIApp", "WebAPIApp\WebAPIApp.csproj", "{86116F0A-6BD4-41DD-8A93-FF1897092A44}"
EndProject
Project("{9A19103F-16F7-4668-BE54-9A1E7A4F7556}") = "ConsoleApiTester", "ConsoleDataTester\ConsoleApiTester.csproj", "{70A3D4B4-3A0F-42B2-83C1-D49FF34467F6}"
EndProject
Project("{9A19103F-16F7-4668-BE54-9A1E7A4F7556}") = "Core.Tests", "Core.Tests\Core.Tests.csproj", "{96762C3C-7FC0-4AC0-80CD-9D83C1330015}"
EndProject
Project("{9A19103F-16F7-4668-BE54-9A1E7A4F7556}") = "Abstractions", "Abstractions\Abstractions.csproj", "{6018CD4A-48F3-401A-A676-FEF338C74ABF}"
EndProject
Project("{2150E333-8FDC-42A3-9474-1A3956D46DE8}") = "0.Abstract", "0.Abstract", "{A3D3F9F6-9EAB-4FCE-B0C7-E13C4AFC73BF}"
EndProject
Project("{9A19103F-16F7-4668-BE54-9A1E7A4F7556}") = "DataPresentation", "DataPresentation\DataPresentation.csproj", "{80B2B48F-0F87-4ED0-A06B-F5B87A727881}"
EndProject
Project("{9A19103F-16F7-4668-BE54-9A1E7A4F7556}") = "Clio.Demo.BlazorServerAppDemo", "BlazerServerAppDemo\Clio.Demo.BlazorServerAppDemo.csproj", "{0E99A096-B1C2-4F58-9C5F-A4CB9FEFEEBC}"
EndProject
Project("{9A19103F-16F7-4668-BE54-9A1E7A4F7556}") = "WebApiSignalRApp", "WebApiSignalRApp\WebApiSignalRApp.csproj", "{381E40F9-B229-4668-B0FB-BD4C68763F73}"
EndProject
Project("{9A19103F-16F7-4668-BE54-9A1E7A4F7556}") = "TableInsertGen", "TableInsertGen\TableInsertGen.csproj", "{8AD07D17-F113-49D9-8650-54B702B97F75}"
EndProject
Project("{9A19103F-16F7-4668-BE54-9A1E7A4F7556}") = "BlazorSalesDashboard", "BlazorSalesDashboard\BlazorSalesDashboard.csproj", "{08285B47-E772-4804-B290-124211F05035}"
EndProject
Project("{9A19103F-16F7-4668-BE54-9A1E7A4F7556}") = "BlazorWasmDashboard", "BlazorWasmDashboard\BlazorWasmDashboard.csproj", "{7D18D3AA-2B85-4121-B24E-4219E4F8699D}"
EndProject
Project("{9A19103F-16F7-4668-BE54-9A1E7A4F7556}") = "BlazorWpfApp", "BlazorWpfApp\BlazorWpfApp.csproj", "{3A364DEB-33DF-403A-9331-E59381629CFE}"
EndProject
Project("{9A19103F-16F7-4668-BE54-9A1E7A4F7556}") = "Core.Lib", "Core.Lib\Core.Lib.csproj", "{D58FBBE5-2E9F-47C1-88DE-F907E2A29D8D}"
EndProject
Project("{9A19103F-16F7-4668-BE54-9A1E7A4F7556}") = "Core6", "Core6\Core6.csproj", "{419D14DB-A126-4EA0-BF2B-861E8AE5ACE7}"
EndProject
Project("{FAE04EC0-301F-11D3-BF4B-00C04F79EFBC}") = "DomainData", "DomainData\DomainData.csproj", "{2BE3B504-DE81-45C2-A4BC-699757163EC0}"
EndProject
Global
	GlobalSection(SolutionConfigurationPlatforms) = preSolution
		Debug|Any CPU = Debug|Any CPU
		Release|Any CPU = Release|Any CPU
	EndGlobalSection
	GlobalSection(ProjectConfigurationPlatforms) = postSolution
		{F649E4C5-CA68-4B22-9E9D-9235BF24DCD8}.Debug|Any CPU.ActiveCfg = Debug|Any CPU
		{F649E4C5-CA68-4B22-9E9D-9235BF24DCD8}.Debug|Any CPU.Build.0 = Debug|Any CPU
		{F649E4C5-CA68-4B22-9E9D-9235BF24DCD8}.Release|Any CPU.ActiveCfg = Release|Any CPU
		{F649E4C5-CA68-4B22-9E9D-9235BF24DCD8}.Release|Any CPU.Build.0 = Release|Any CPU
		{A1A6ABA1-7BD1-424E-A962-5B11F8A5E627}.Debug|Any CPU.ActiveCfg = Debug|Any CPU
		{A1A6ABA1-7BD1-424E-A962-5B11F8A5E627}.Debug|Any CPU.Build.0 = Debug|Any CPU
		{A1A6ABA1-7BD1-424E-A962-5B11F8A5E627}.Release|Any CPU.ActiveCfg = Release|Any CPU
		{A1A6ABA1-7BD1-424E-A962-5B11F8A5E627}.Release|Any CPU.Build.0 = Release|Any CPU
		{86116F0A-6BD4-41DD-8A93-FF1897092A44}.Debug|Any CPU.ActiveCfg = Debug|Any CPU
		{86116F0A-6BD4-41DD-8A93-FF1897092A44}.Debug|Any CPU.Build.0 = Debug|Any CPU
		{86116F0A-6BD4-41DD-8A93-FF1897092A44}.Release|Any CPU.ActiveCfg = Release|Any CPU
		{86116F0A-6BD4-41DD-8A93-FF1897092A44}.Release|Any CPU.Build.0 = Release|Any CPU
		{70A3D4B4-3A0F-42B2-83C1-D49FF34467F6}.Debug|Any CPU.ActiveCfg = Debug|Any CPU
		{70A3D4B4-3A0F-42B2-83C1-D49FF34467F6}.Debug|Any CPU.Build.0 = Debug|Any CPU
		{70A3D4B4-3A0F-42B2-83C1-D49FF34467F6}.Release|Any CPU.ActiveCfg = Release|Any CPU
		{70A3D4B4-3A0F-42B2-83C1-D49FF34467F6}.Release|Any CPU.Build.0 = Release|Any CPU
		{96762C3C-7FC0-4AC0-80CD-9D83C1330015}.Debug|Any CPU.ActiveCfg = Debug|Any CPU
		{96762C3C-7FC0-4AC0-80CD-9D83C1330015}.Debug|Any CPU.Build.0 = Debug|Any CPU
		{96762C3C-7FC0-4AC0-80CD-9D83C1330015}.Release|Any CPU.ActiveCfg = Release|Any CPU
		{96762C3C-7FC0-4AC0-80CD-9D83C1330015}.Release|Any CPU.Build.0 = Release|Any CPU
		{6018CD4A-48F3-401A-A676-FEF338C74ABF}.Debug|Any CPU.ActiveCfg = Debug|Any CPU
		{6018CD4A-48F3-401A-A676-FEF338C74ABF}.Debug|Any CPU.Build.0 = Debug|Any CPU
		{6018CD4A-48F3-401A-A676-FEF338C74ABF}.Release|Any CPU.ActiveCfg = Release|Any CPU
		{6018CD4A-48F3-401A-A676-FEF338C74ABF}.Release|Any CPU.Build.0 = Release|Any CPU
		{80B2B48F-0F87-4ED0-A06B-F5B87A727881}.Debug|Any CPU.ActiveCfg = Debug|Any CPU
		{80B2B48F-0F87-4ED0-A06B-F5B87A727881}.Debug|Any CPU.Build.0 = Debug|Any CPU
		{80B2B48F-0F87-4ED0-A06B-F5B87A727881}.Release|Any CPU.ActiveCfg = Release|Any CPU
		{80B2B48F-0F87-4ED0-A06B-F5B87A727881}.Release|Any CPU.Build.0 = Release|Any CPU
		{0E99A096-B1C2-4F58-9C5F-A4CB9FEFEEBC}.Debug|Any CPU.ActiveCfg = Debug|Any CPU
		{0E99A096-B1C2-4F58-9C5F-A4CB9FEFEEBC}.Debug|Any CPU.Build.0 = Debug|Any CPU
		{0E99A096-B1C2-4F58-9C5F-A4CB9FEFEEBC}.Release|Any CPU.ActiveCfg = Release|Any CPU
		{0E99A096-B1C2-4F58-9C5F-A4CB9FEFEEBC}.Release|Any CPU.Build.0 = Release|Any CPU
		{381E40F9-B229-4668-B0FB-BD4C68763F73}.Debug|Any CPU.ActiveCfg = Debug|Any CPU
		{381E40F9-B229-4668-B0FB-BD4C68763F73}.Debug|Any CPU.Build.0 = Debug|Any CPU
		{381E40F9-B229-4668-B0FB-BD4C68763F73}.Release|Any CPU.ActiveCfg = Release|Any CPU
		{381E40F9-B229-4668-B0FB-BD4C68763F73}.Release|Any CPU.Build.0 = Release|Any CPU
		{8AD07D17-F113-49D9-8650-54B702B97F75}.Debug|Any CPU.ActiveCfg = Debug|Any CPU
		{8AD07D17-F113-49D9-8650-54B702B97F75}.Debug|Any CPU.Build.0 = Debug|Any CPU
		{8AD07D17-F113-49D9-8650-54B702B97F75}.Release|Any CPU.ActiveCfg = Release|Any CPU
		{8AD07D17-F113-49D9-8650-54B702B97F75}.Release|Any CPU.Build.0 = Release|Any CPU
		{08285B47-E772-4804-B290-124211F05035}.Debug|Any CPU.ActiveCfg = Debug|Any CPU
		{08285B47-E772-4804-B290-124211F05035}.Debug|Any CPU.Build.0 = Debug|Any CPU
		{08285B47-E772-4804-B290-124211F05035}.Release|Any CPU.ActiveCfg = Release|Any CPU
		{08285B47-E772-4804-B290-124211F05035}.Release|Any CPU.Build.0 = Release|Any CPU
		{7D18D3AA-2B85-4121-B24E-4219E4F8699D}.Debug|Any CPU.ActiveCfg = Debug|Any CPU
		{7D18D3AA-2B85-4121-B24E-4219E4F8699D}.Debug|Any CPU.Build.0 = Debug|Any CPU
		{7D18D3AA-2B85-4121-B24E-4219E4F8699D}.Release|Any CPU.ActiveCfg = Release|Any CPU
		{7D18D3AA-2B85-4121-B24E-4219E4F8699D}.Release|Any CPU.Build.0 = Release|Any CPU
		{3A364DEB-33DF-403A-9331-E59381629CFE}.Debug|Any CPU.ActiveCfg = Debug|Any CPU
		{3A364DEB-33DF-403A-9331-E59381629CFE}.Debug|Any CPU.Build.0 = Debug|Any CPU
		{3A364DEB-33DF-403A-9331-E59381629CFE}.Release|Any CPU.ActiveCfg = Release|Any CPU
		{3A364DEB-33DF-403A-9331-E59381629CFE}.Release|Any CPU.Build.0 = Release|Any CPU
		{D58FBBE5-2E9F-47C1-88DE-F907E2A29D8D}.Debug|Any CPU.ActiveCfg = Debug|Any CPU
		{D58FBBE5-2E9F-47C1-88DE-F907E2A29D8D}.Debug|Any CPU.Build.0 = Debug|Any CPU
		{D58FBBE5-2E9F-47C1-88DE-F907E2A29D8D}.Release|Any CPU.ActiveCfg = Release|Any CPU
		{D58FBBE5-2E9F-47C1-88DE-F907E2A29D8D}.Release|Any CPU.Build.0 = Release|Any CPU
		{419D14DB-A126-4EA0-BF2B-861E8AE5ACE7}.Debug|Any CPU.ActiveCfg = Debug|Any CPU
		{419D14DB-A126-4EA0-BF2B-861E8AE5ACE7}.Debug|Any CPU.Build.0 = Debug|Any CPU
		{419D14DB-A126-4EA0-BF2B-861E8AE5ACE7}.Release|Any CPU.ActiveCfg = Release|Any CPU
		{419D14DB-A126-4EA0-BF2B-861E8AE5ACE7}.Release|Any CPU.Build.0 = Release|Any CPU
		{2BE3B504-DE81-45C2-A4BC-699757163EC0}.Debug|Any CPU.ActiveCfg = Debug|Any CPU
		{2BE3B504-DE81-45C2-A4BC-699757163EC0}.Debug|Any CPU.Build.0 = Debug|Any CPU
		{2BE3B504-DE81-45C2-A4BC-699757163EC0}.Release|Any CPU.ActiveCfg = Release|Any CPU
		{2BE3B504-DE81-45C2-A4BC-699757163EC0}.Release|Any CPU.Build.0 = Release|Any CPU
	EndGlobalSection
	GlobalSection(SolutionProperties) = preSolution
		HideSolutionNode = FALSE
	EndGlobalSection
	GlobalSection(NestedProjects) = preSolution
		{F649E4C5-CA68-4B22-9E9D-9235BF24DCD8} = {243388C6-11EA-418E-A346-F3ECB51B2F25}
		{A1A6ABA1-7BD1-424E-A962-5B11F8A5E627} = {FD449651-F065-4587-927D-2ADBF1599003}
		{86116F0A-6BD4-41DD-8A93-FF1897092A44} = {6E078F95-D408-438D-A0B9-49CC9EB71202}
		{70A3D4B4-3A0F-42B2-83C1-D49FF34467F6} = {C4A90B14-6915-4995-8C4D-3AA0E3107397}
		{6018CD4A-48F3-401A-A676-FEF338C74ABF} = {A3D3F9F6-9EAB-4FCE-B0C7-E13C4AFC73BF}
		{80B2B48F-0F87-4ED0-A06B-F5B87A727881} = {FD449651-F065-4587-927D-2ADBF1599003}
		{0E99A096-B1C2-4F58-9C5F-A4CB9FEFEEBC} = {C4A90B14-6915-4995-8C4D-3AA0E3107397}
		{381E40F9-B229-4668-B0FB-BD4C68763F73} = {6E078F95-D408-438D-A0B9-49CC9EB71202}
		{8AD07D17-F113-49D9-8650-54B702B97F75} = {C4A90B14-6915-4995-8C4D-3AA0E3107397}
		{08285B47-E772-4804-B290-124211F05035} = {C4A90B14-6915-4995-8C4D-3AA0E3107397}
		{7D18D3AA-2B85-4121-B24E-4219E4F8699D} = {C4A90B14-6915-4995-8C4D-3AA0E3107397}
		{3A364DEB-33DF-403A-9331-E59381629CFE} = {C4A90B14-6915-4995-8C4D-3AA0E3107397}
		{D58FBBE5-2E9F-47C1-88DE-F907E2A29D8D} = {243388C6-11EA-418E-A346-F3ECB51B2F25}
		{419D14DB-A126-4EA0-BF2B-861E8AE5ACE7} = {243388C6-11EA-418E-A346-F3ECB51B2F25}
		{2BE3B504-DE81-45C2-A4BC-699757163EC0} = {FD449651-F065-4587-927D-2ADBF1599003}
	EndGlobalSection
	GlobalSection(ExtensibilityGlobals) = postSolution
		SolutionGuid = {A8D45274-16AF-4388-8E19-0CD79973A0F7}
	EndGlobalSection
EndGlobal
